
Microsoft Visual Studio Solution File, Format Version 12.00
# Visual Studio 15
VisualStudioVersion = 15.0.26430.13
MinimumVisualStudioVersion = 10.0.40219.1
Project("{FAE04EC0-301F-11D3-BF4B-00C04F79EFBC}") = "SportsStore.Domain", "Domain\SportsStore.Domain.csproj", "{0E209018-441B-4A7F-A2F3-010F49AF8879}"
EndProject
Project("{FAE04EC0-301F-11D3-BF4B-00C04F79EFBC}") = "SportsStore.WebUI", "SportsStore.WebUI\SportsStore.WebUI.csproj", "{1D6B4148-B719-41EC-B98E-B107FAF5F59F}"
EndProject
Project("{FAE04EC0-301F-11D3-BF4B-00C04F79EFBC}") = "SportsStore.UnitTests", "SportsStore.UnitTests\SportsStore.UnitTests.csproj", "{2510B6FF-CC37-4966-874F-C1BE01AD80F5}"
EndProject
Global
	GlobalSection(SolutionConfigurationPlatforms) = preSolution
		Debug|Any CPU = Debug|Any CPU
		Release|Any CPU = Release|Any CPU
	EndGlobalSection
	GlobalSection(ProjectConfigurationPlatforms) = postSolution
		{0E209018-441B-4A7F-A2F3-010F49AF8879}.Debug|Any CPU.ActiveCfg = Debug|Any CPU
		{0E209018-441B-4A7F-A2F3-010F49AF8879}.Debug|Any CPU.Build.0 = Debug|Any CPU
		{0E209018-441B-4A7F-A2F3-010F49AF8879}.Release|Any CPU.ActiveCfg = Release|Any CPU
		{0E209018-441B-4A7F-A2F3-010F49AF8879}.Release|Any CPU.Build.0 = Release|Any CPU
		{1D6B4148-B719-41EC-B98E-B107FAF5F59F}.Debug|Any CPU.ActiveCfg = Debug|Any CPU
		{1D6B4148-B719-41EC-B98E-B107FAF5F59F}.Debug|Any CPU.Build.0 = Debug|Any CPU
		{1D6B4148-B719-41EC-B98E-B107FAF5F59F}.Release|Any CPU.ActiveCfg = Release|Any CPU
		{1D6B4148-B719-41EC-B98E-B107FAF5F59F}.Release|Any CPU.Build.0 = Release|Any CPU
		{2510B6FF-CC37-4966-874F-C1BE01AD80F5}.Debug|Any CPU.ActiveCfg = Debug|Any CPU
		{2510B6FF-CC37-4966-874F-C1BE01AD80F5}.Debug|Any CPU.Build.0 = Debug|Any CPU
		{2510B6FF-CC37-4966-874F-C1BE01AD80F5}.Release|Any CPU.ActiveCfg = Release|Any CPU
		{2510B6FF-CC37-4966-874F-C1BE01AD80F5}.Release|Any CPU.Build.0 = Release|Any CPU
	EndGlobalSection
	GlobalSection(SolutionProperties) = preSolution
		HideSolutionNode = FALSE
	EndGlobalSection
EndGlobal
